
Microsoft Visual Studio Solution File, Format Version 12.00
# Visual Studio 15
VisualStudioVersion = 15.0.28307.106
MinimumVisualStudioVersion = 10.0.40219.1
Project("{FAE04EC0-301F-11D3-BF4B-00C04F79EFBC}") = "test_full", "test_full\test_full.csproj", "{B255172D-A0A2-4177-889F-B54F0B04A135}"
EndProject
Global
	GlobalSection(SolutionConfigurationPlatforms) = preSolution
		Debug|Any CPU = Debug|Any CPU
		Release|Any CPU = Release|Any CPU
	EndGlobalSection
	GlobalSection(ProjectConfigurationPlatforms) = postSolution
		{B255172D-A0A2-4177-889F-B54F0B04A135}.Debug|Any CPU.ActiveCfg = Debug|Any CPU
		{B255172D-A0A2-4177-889F-B54F0B04A135}.Debug|Any CPU.Build.0 = Debug|Any CPU
		{B255172D-A0A2-4177-889F-B54F0B04A135}.Release|Any CPU.ActiveCfg = Release|Any CPU
		{B255172D-A0A2-4177-889F-B54F0B04A135}.Release|Any CPU.Build.0 = Release|Any CPU
	EndGlobalSection
	GlobalSection(SolutionProperties) = preSolution
		HideSolutionNode = FALSE
	EndGlobalSection
	GlobalSection(ExtensibilityGlobals) = postSolution
		SolutionGuid = {21C91A43-E530-46CB-A06D-AB201B01A799}
	EndGlobalSection
EndGlobal
